
Microsoft Visual Studio Solution File, Format Version 12.00
# Visual Studio Version 16
VisualStudioVersion = 16.0.31025.194
MinimumVisualStudioVersion = 10.0.40219.1
Project("{FAE04EC0-301F-11D3-BF4B-00C04F79EFBC}") = "ONIONS21", "ONIONS21\ONIONS21.csproj", "{0EFB777A-B338-455E-8DC8-357FB5F9D22F}"
EndProject
Global
	GlobalSection(SolutionConfigurationPlatforms) = preSolution
		Debug|Any CPU = Debug|Any CPU
		Release|Any CPU = Release|Any CPU
	EndGlobalSection
	GlobalSection(ProjectConfigurationPlatforms) = postSolution
		{0EFB777A-B338-455E-8DC8-357FB5F9D22F}.Debug|Any CPU.ActiveCfg = Debug|Any CPU
		{0EFB777A-B338-455E-8DC8-357FB5F9D22F}.Debug|Any CPU.Build.0 = Debug|Any CPU
		{0EFB777A-B338-455E-8DC8-357FB5F9D22F}.Release|Any CPU.ActiveCfg = Release|Any CPU
		{0EFB777A-B338-455E-8DC8-357FB5F9D22F}.Release|Any CPU.Build.0 = Release|Any CPU
	EndGlobalSection
	GlobalSection(SolutionProperties) = preSolution
		HideSolutionNode = FALSE
	EndGlobalSection
	GlobalSection(ExtensibilityGlobals) = postSolution
		SolutionGuid = {BBE4745A-0FF9-4B7D-A072-5AD16A0F90E9}
	EndGlobalSection
EndGlobal
